
Microsoft Visual Studio Solution File, Format Version 12.00
# Visual Studio Version 17
VisualStudioVersion = 17.1.32319.34
MinimumVisualStudioVersion = 10.0.40219.1
Project("{FAE04EC0-301F-11D3-BF4B-00C04F79EFBC}") = "TravelSweden", "TravelSweden\TravelSweden.csproj", "{A1EBC81E-4DBC-4F0D-B3F6-4BC0E27F6AD5}"
EndProject
Global
	GlobalSection(SolutionConfigurationPlatforms) = preSolution
		Debug|Any CPU = Debug|Any CPU
		Release|Any CPU = Release|Any CPU
	EndGlobalSection
	GlobalSection(ProjectConfigurationPlatforms) = postSolution
		{A1EBC81E-4DBC-4F0D-B3F6-4BC0E27F6AD5}.Debug|Any CPU.ActiveCfg = Debug|Any CPU
		{A1EBC81E-4DBC-4F0D-B3F6-4BC0E27F6AD5}.Debug|Any CPU.Build.0 = Debug|Any CPU
		{A1EBC81E-4DBC-4F0D-B3F6-4BC0E27F6AD5}.Release|Any CPU.ActiveCfg = Release|Any CPU
		{A1EBC81E-4DBC-4F0D-B3F6-4BC0E27F6AD5}.Release|Any CPU.Build.0 = Release|Any CPU
	EndGlobalSection
	GlobalSection(SolutionProperties) = preSolution
		HideSolutionNode = FALSE
	EndGlobalSection
	GlobalSection(ExtensibilityGlobals) = postSolution
		SolutionGuid = {4E6E0CD2-3A09-4EA3-A3BD-CA0CFA3987FC}
	EndGlobalSection
EndGlobal
